// !$*UTF8*$!
{
	archiveVersion = 1;
	classes = {
	};
	objectVersion = 46;
	objects = {

/* Begin PBXBuildFile section */
		C310C9A91EB92B0700ABC711 /* TBStream.h in Headers */ = {isa = PBXBuildFile; fileRef = C310C9A71EB92B0700ABC711 /* TBStream.h */; settings = {ATTRIBUTES = (Public, ); }; };
		C310C9AA1EB92B0700ABC711 /* TBStream.m in Sources */ = {isa = PBXBuildFile; fileRef = C310C9A81EB92B0700ABC711 /* TBStream.m */; };
		C310C9B81EB9336D00ABC711 /* TBSocketAddress.m in Sources */ = {isa = PBXBuildFile; fileRef = C313C9A71E9EAD8B00354CB6 /* TBSocketAddress.m */; };
		C310C9B91EB9336D00ABC711 /* TBStream.m in Sources */ = {isa = PBXBuildFile; fileRef = C310C9A81EB92B0700ABC711 /* TBStream.m */; };
		C310C9BA1EB9336D00ABC711 /* TBInputStream.m in Sources */ = {isa = PBXBuildFile; fileRef = C313C99F1E9EAD8B00354CB6 /* TBInputStream.m */; };
		C310C9BB1EB9336D00ABC711 /* TBOutputStream.m in Sources */ = {isa = PBXBuildFile; fileRef = C313C9A11E9EAD8B00354CB6 /* TBOutputStream.m */; };
		C310C9BC1EB9336D00ABC711 /* TBSocket.m in Sources */ = {isa = PBXBuildFile; fileRef = C313C9A51E9EAD8B00354CB6 /* TBSocket.m */; };
		C310C9BD1EB9336D00ABC711 /* TBServerSocket.m in Sources */ = {isa = PBXBuildFile; fileRef = C313C9A31E9EAD8B00354CB6 /* TBServerSocket.m */; };
		C310C9BE1EB933B200ABC711 /* TBServerSocket.h in CopyFiles */ = {isa = PBXBuildFile; fileRef = C313C9A21E9EAD8B00354CB6 /* TBServerSocket.h */; };
		C313C98E1E9EAD7400354CB6 /* TBSockets.framework in Frameworks */ = {isa = PBXBuildFile; fileRef = C313C9841E9EAD7400354CB6 /* TBSockets.framework */; };
		C313C9931E9EAD7400354CB6 /* TBSocketsTests.m in Sources */ = {isa = PBXBuildFile; fileRef = C313C9921E9EAD7400354CB6 /* TBSocketsTests.m */; };
		C313C9951E9EAD7400354CB6 /* TBSockets.h in Headers */ = {isa = PBXBuildFile; fileRef = C313C9871E9EAD7400354CB6 /* TBSockets.h */; settings = {ATTRIBUTES = (Public, ); }; };
		C313C9A81E9EAD8B00354CB6 /* TBInputStream.h in Headers */ = {isa = PBXBuildFile; fileRef = C313C99E1E9EAD8B00354CB6 /* TBInputStream.h */; settings = {ATTRIBUTES = (Public, ); }; };
		C313C9A91E9EAD8B00354CB6 /* TBInputStream.m in Sources */ = {isa = PBXBuildFile; fileRef = C313C99F1E9EAD8B00354CB6 /* TBInputStream.m */; };
		C313C9AA1E9EAD8B00354CB6 /* TBOutputStream.h in Headers */ = {isa = PBXBuildFile; fileRef = C313C9A01E9EAD8B00354CB6 /* TBOutputStream.h */; settings = {ATTRIBUTES = (Public, ); }; };
		C313C9AB1E9EAD8B00354CB6 /* TBOutputStream.m in Sources */ = {isa = PBXBuildFile; fileRef = C313C9A11E9EAD8B00354CB6 /* TBOutputStream.m */; };
		C313C9AC1E9EAD8B00354CB6 /* TBServerSocket.h in Headers */ = {isa = PBXBuildFile; fileRef = C313C9A21E9EAD8B00354CB6 /* TBServerSocket.h */; settings = {ATTRIBUTES = (Public, ); }; };
		C313C9AD1E9EAD8B00354CB6 /* TBServerSocket.m in Sources */ = {isa = PBXBuildFile; fileRef = C313C9A31E9EAD8B00354CB6 /* TBServerSocket.m */; };
		C313C9AE1E9EAD8B00354CB6 /* TBSocket.h in Headers */ = {isa = PBXBuildFile; fileRef = C313C9A41E9EAD8B00354CB6 /* TBSocket.h */; settings = {ATTRIBUTES = (Public, ); }; };
		C313C9AF1E9EAD8B00354CB6 /* TBSocket.m in Sources */ = {isa = PBXBuildFile; fileRef = C313C9A51E9EAD8B00354CB6 /* TBSocket.m */; };
		C313C9B01E9EAD8B00354CB6 /* TBSocketAddress.h in Headers */ = {isa = PBXBuildFile; fileRef = C313C9A61E9EAD8B00354CB6 /* TBSocketAddress.h */; settings = {ATTRIBUTES = (Public, ); }; };
		C313C9B11E9EAD8B00354CB6 /* TBSocketAddress.m in Sources */ = {isa = PBXBuildFile; fileRef = C313C9A71E9EAD8B00354CB6 /* TBSocketAddress.m */; };
/* End PBXBuildFile section */

/* Begin PBXContainerItemProxy section */
		C313C98F1E9EAD7400354CB6 /* PBXContainerItemProxy */ = {
			isa = PBXContainerItemProxy;
			containerPortal = C313C97B1E9EAD7400354CB6 /* Project object */;
			proxyType = 1;
			remoteGlobalIDString = C313C9831E9EAD7400354CB6;
			remoteInfo = TBSockets;
		};
/* End PBXContainerItemProxy section */

/* Begin PBXCopyFilesBuildPhase section */
		C310C9AD1EB9330600ABC711 /* CopyFiles */ = {
			isa = PBXCopyFilesBuildPhase;
			buildActionMask = 2147483647;
			dstPath = "include/$(PRODUCT_NAME)";
			dstSubfolderSpec = 16;
			files = (
				C310C9BE1EB933B200ABC711 /* TBServerSocket.h in CopyFiles */,
			);
			runOnlyForDeploymentPostprocessing = 0;
		};
/* End PBXCopyFilesBuildPhase section */

/* Begin PBXFileReference section */
		C310C9A71EB92B0700ABC711 /* TBStream.h */ = {isa = PBXFileReference; fileEncoding = 4; lastKnownFileType = sourcecode.c.h; path = TBStream.h; sourceTree = "<group>"; };
		C310C9A81EB92B0700ABC711 /* TBStream.m */ = {isa = PBXFileReference; fileEncoding = 4; lastKnownFileType = sourcecode.c.objc; path = TBStream.m; sourceTree = "<group>"; };
		C310C9AF1EB9330600ABC711 /* libtbsockets.a */ = {isa = PBXFileReference; explicitFileType = archive.ar; includeInIndex = 0; path = libtbsockets.a; sourceTree = BUILT_PRODUCTS_DIR; };
		C313C9841E9EAD7400354CB6 /* TBSockets.framework */ = {isa = PBXFileReference; explicitFileType = wrapper.framework; includeInIndex = 0; path = TBSockets.framework; sourceTree = BUILT_PRODUCTS_DIR; };
		C313C9871E9EAD7400354CB6 /* TBSockets.h */ = {isa = PBXFileReference; lastKnownFileType = sourcecode.c.h; path = TBSockets.h; sourceTree = "<group>"; };
		C313C9881E9EAD7400354CB6 /* Info.plist */ = {isa = PBXFileReference; lastKnownFileType = text.plist.xml; path = Info.plist; sourceTree = "<group>"; };
		C313C98D1E9EAD7400354CB6 /* TBSocketsTests.xctest */ = {isa = PBXFileReference; explicitFileType = wrapper.cfbundle; includeInIndex = 0; path = TBSocketsTests.xctest; sourceTree = BUILT_PRODUCTS_DIR; };
		C313C9921E9EAD7400354CB6 /* TBSocketsTests.m */ = {isa = PBXFileReference; lastKnownFileType = sourcecode.c.objc; path = TBSocketsTests.m; sourceTree = "<group>"; };
		C313C9941E9EAD7400354CB6 /* Info.plist */ = {isa = PBXFileReference; lastKnownFileType = text.plist.xml; path = Info.plist; sourceTree = "<group>"; };
		C313C99E1E9EAD8B00354CB6 /* TBInputStream.h */ = {isa = PBXFileReference; fileEncoding = 4; lastKnownFileType = sourcecode.c.h; path = TBInputStream.h; sourceTree = "<group>"; };
		C313C99F1E9EAD8B00354CB6 /* TBInputStream.m */ = {isa = PBXFileReference; fileEncoding = 4; lastKnownFileType = sourcecode.c.objc; lineEnding = 0; path = TBInputStream.m; sourceTree = "<group>"; xcLanguageSpecificationIdentifier = xcode.lang.objc; };
		C313C9A01E9EAD8B00354CB6 /* TBOutputStream.h */ = {isa = PBXFileReference; fileEncoding = 4; lastKnownFileType = sourcecode.c.h; path = TBOutputStream.h; sourceTree = "<group>"; };
		C313C9A11E9EAD8B00354CB6 /* TBOutputStream.m */ = {isa = PBXFileReference; fileEncoding = 4; lastKnownFileType = sourcecode.c.objc; lineEnding = 0; path = TBOutputStream.m; sourceTree = "<group>"; xcLanguageSpecificationIdentifier = xcode.lang.objc; };
		C313C9A21E9EAD8B00354CB6 /* TBServerSocket.h */ = {isa = PBXFileReference; fileEncoding = 4; lastKnownFileType = sourcecode.c.h; path = TBServerSocket.h; sourceTree = "<group>"; };
		C313C9A31E9EAD8B00354CB6 /* TBServerSocket.m */ = {isa = PBXFileReference; fileEncoding = 4; lastKnownFileType = sourcecode.c.objc; lineEnding = 0; path = TBServerSocket.m; sourceTree = "<group>"; xcLanguageSpecificationIdentifier = xcode.lang.objc; };
		C313C9A41E9EAD8B00354CB6 /* TBSocket.h */ = {isa = PBXFileReference; fileEncoding = 4; lastKnownFileType = sourcecode.c.h; lineEnding = 0; path = TBSocket.h; sourceTree = "<group>"; xcLanguageSpecificationIdentifier = xcode.lang.objcpp; };
		C313C9A51E9EAD8B00354CB6 /* TBSocket.m */ = {isa = PBXFileReference; fileEncoding = 4; lastKnownFileType = sourcecode.c.objc; lineEnding = 0; path = TBSocket.m; sourceTree = "<group>"; xcLanguageSpecificationIdentifier = xcode.lang.objc; };
		C313C9A61E9EAD8B00354CB6 /* TBSocketAddress.h */ = {isa = PBXFileReference; fileEncoding = 4; lastKnownFileType = sourcecode.c.h; path = TBSocketAddress.h; sourceTree = "<group>"; };
		C313C9A71E9EAD8B00354CB6 /* TBSocketAddress.m */ = {isa = PBXFileReference; fileEncoding = 4; lastKnownFileType = sourcecode.c.objc; lineEnding = 0; path = TBSocketAddress.m; sourceTree = "<group>"; xcLanguageSpecificationIdentifier = xcode.lang.objc; };
/* End PBXFileReference section */

/* Begin PBXFrameworksBuildPhase section */
		C310C9AC1EB9330600ABC711 /* Frameworks */ = {
			isa = PBXFrameworksBuildPhase;
			buildActionMask = 2147483647;
			files = (
			);
			runOnlyForDeploymentPostprocessing = 0;
		};
		C313C9801E9EAD7400354CB6 /* Frameworks */ = {
			isa = PBXFrameworksBuildPhase;
			buildActionMask = 2147483647;
			files = (
			);
			runOnlyForDeploymentPostprocessing = 0;
		};
		C313C98A1E9EAD7400354CB6 /* Frameworks */ = {
			isa = PBXFrameworksBuildPhase;
			buildActionMask = 2147483647;
			files = (
				C313C98E1E9EAD7400354CB6 /* TBSockets.framework in Frameworks */,
			);
			runOnlyForDeploymentPostprocessing = 0;
		};
/* End PBXFrameworksBuildPhase section */

/* Begin PBXGroup section */
		C313C97A1E9EAD7400354CB6 = {
			isa = PBXGroup;
			children = (
				C313C9861E9EAD7400354CB6 /* TBSockets */,
				C313C9911E9EAD7400354CB6 /* TBSocketsTests */,
				C313C9851E9EAD7400354CB6 /* Products */,
			);
			sourceTree = "<group>";
		};
		C313C9851E9EAD7400354CB6 /* Products */ = {
			isa = PBXGroup;
			children = (
				C313C9841E9EAD7400354CB6 /* TBSockets.framework */,
				C313C98D1E9EAD7400354CB6 /* TBSocketsTests.xctest */,
				C310C9AF1EB9330600ABC711 /* libtbsockets.a */,
			);
			name = Products;
			sourceTree = "<group>";
		};
		C313C9861E9EAD7400354CB6 /* TBSockets */ = {
			isa = PBXGroup;
			children = (
				C313C9871E9EAD7400354CB6 /* TBSockets.h */,
				C313C9A61E9EAD8B00354CB6 /* TBSocketAddress.h */,
				C313C9A71E9EAD8B00354CB6 /* TBSocketAddress.m */,
				C310C9A71EB92B0700ABC711 /* TBStream.h */,
				C310C9A81EB92B0700ABC711 /* TBStream.m */,
				C313C99E1E9EAD8B00354CB6 /* TBInputStream.h */,
				C313C99F1E9EAD8B00354CB6 /* TBInputStream.m */,
				C313C9A01E9EAD8B00354CB6 /* TBOutputStream.h */,
				C313C9A11E9EAD8B00354CB6 /* TBOutputStream.m */,
				C313C9A41E9EAD8B00354CB6 /* TBSocket.h */,
				C313C9A51E9EAD8B00354CB6 /* TBSocket.m */,
				C313C9A21E9EAD8B00354CB6 /* TBServerSocket.h */,
				C313C9A31E9EAD8B00354CB6 /* TBServerSocket.m */,
				C313C9881E9EAD7400354CB6 /* Info.plist */,
			);
			path = TBSockets;
			sourceTree = "<group>";
		};
		C313C9911E9EAD7400354CB6 /* TBSocketsTests */ = {
			isa = PBXGroup;
			children = (
				C313C9921E9EAD7400354CB6 /* TBSocketsTests.m */,
				C313C9941E9EAD7400354CB6 /* Info.plist */,
			);
			path = TBSocketsTests;
			sourceTree = "<group>";
		};
/* End PBXGroup section */

/* Begin PBXHeadersBuildPhase section */
		C313C9811E9EAD7400354CB6 /* Headers */ = {
			isa = PBXHeadersBuildPhase;
			buildActionMask = 2147483647;
			files = (
				C313C9B01E9EAD8B00354CB6 /* TBSocketAddress.h in Headers */,
				C313C9AC1E9EAD8B00354CB6 /* TBServerSocket.h in Headers */,
				C313C9AE1E9EAD8B00354CB6 /* TBSocket.h in Headers */,
				C313C9951E9EAD7400354CB6 /* TBSockets.h in Headers */,
				C310C9A91EB92B0700ABC711 /* TBStream.h in Headers */,
				C313C9A81E9EAD8B00354CB6 /* TBInputStream.h in Headers */,
				C313C9AA1E9EAD8B00354CB6 /* TBOutputStream.h in Headers */,
			);
			runOnlyForDeploymentPostprocessing = 0;
		};
/* End PBXHeadersBuildPhase section */

/* Begin PBXNativeTarget section */
		C310C9AE1EB9330600ABC711 /* libtbsockets */ = {
			isa = PBXNativeTarget;
			buildConfigurationList = C310C9B71EB9330600ABC711 /* Build configuration list for PBXNativeTarget "libtbsockets" */;
			buildPhases = (
				C310C9AB1EB9330600ABC711 /* Sources */,
				C310C9AC1EB9330600ABC711 /* Frameworks */,
				C310C9AD1EB9330600ABC711 /* CopyFiles */,
			);
			buildRules = (
			);
			dependencies = (
			);
			name = libtbsockets;
			productName = libtbsockets;
			productReference = C310C9AF1EB9330600ABC711 /* libtbsockets.a */;
			productType = "com.apple.product-type.library.static";
		};
		C313C9831E9EAD7400354CB6 /* TBSockets */ = {
			isa = PBXNativeTarget;
			buildConfigurationList = C313C9981E9EAD7400354CB6 /* Build configuration list for PBXNativeTarget "TBSockets" */;
			buildPhases = (
				C313C97F1E9EAD7400354CB6 /* Sources */,
				C313C9801E9EAD7400354CB6 /* Frameworks */,
				C313C9811E9EAD7400354CB6 /* Headers */,
				C313C9821E9EAD7400354CB6 /* Resources */,
			);
			buildRules = (
			);
			dependencies = (
			);
			name = TBSockets;
			productName = TBSockets;
			productReference = C313C9841E9EAD7400354CB6 /* TBSockets.framework */;
			productType = "com.apple.product-type.framework";
		};
		C313C98C1E9EAD7400354CB6 /* TBSocketsTests */ = {
			isa = PBXNativeTarget;
			buildConfigurationList = C313C99B1E9EAD7400354CB6 /* Build configuration list for PBXNativeTarget "TBSocketsTests" */;
			buildPhases = (
				C313C9891E9EAD7400354CB6 /* Sources */,
				C313C98A1E9EAD7400354CB6 /* Frameworks */,
				C313C98B1E9EAD7400354CB6 /* Resources */,
			);
			buildRules = (
			);
			dependencies = (
				C313C9901E9EAD7400354CB6 /* PBXTargetDependency */,
			);
			name = TBSocketsTests;
			productName = TBSocketsTests;
			productReference = C313C98D1E9EAD7400354CB6 /* TBSocketsTests.xctest */;
			productType = "com.apple.product-type.bundle.unit-test";
		};
/* End PBXNativeTarget section */

/* Begin PBXProject section */
		C313C97B1E9EAD7400354CB6 /* Project object */ = {
			isa = PBXProject;
			attributes = {
				LastUpgradeCheck = 0830;
				ORGANIZATIONNAME = "Tanner Bennett";
				TargetAttributes = {
					C310C9AE1EB9330600ABC711 = {
						CreatedOnToolsVersion = 8.3.2;
						DevelopmentTeam = S6N2F22V2Z;
						ProvisioningStyle = Automatic;
					};
					C313C9831E9EAD7400354CB6 = {
						CreatedOnToolsVersion = 8.3;
						DevelopmentTeam = S6N2F22V2Z;
						ProvisioningStyle = Automatic;
					};
					C313C98C1E9EAD7400354CB6 = {
						CreatedOnToolsVersion = 8.3;
						DevelopmentTeam = S6N2F22V2Z;
						ProvisioningStyle = Automatic;
					};
				};
			};
			buildConfigurationList = C313C97E1E9EAD7400354CB6 /* Build configuration list for PBXProject "TBSockets" */;
			compatibilityVersion = "Xcode 3.2";
			developmentRegion = English;
			hasScannedForEncodings = 0;
			knownRegions = (
				en,
			);
			mainGroup = C313C97A1E9EAD7400354CB6;
			productRefGroup = C313C9851E9EAD7400354CB6 /* Products */;
			projectDirPath = "";
			projectRoot = "";
			targets = (
				C313C9831E9EAD7400354CB6 /* TBSockets */,
				C313C98C1E9EAD7400354CB6 /* TBSocketsTests */,
				C310C9AE1EB9330600ABC711 /* libtbsockets */,
			);
		};
/* End PBXProject section */

/* Begin PBXResourcesBuildPhase section */
		C313C9821E9EAD7400354CB6 /* Resources */ = {
			isa = PBXResourcesBuildPhase;
			buildActionMask = 2147483647;
			files = (
			);
			runOnlyForDeploymentPostprocessing = 0;
		};
		C313C98B1E9EAD7400354CB6 /* Resources */ = {
			isa = PBXResourcesBuildPhase;
			buildActionMask = 2147483647;
			files = (
			);
			runOnlyForDeploymentPostprocessing = 0;
		};
/* End PBXResourcesBuildPhase section */

/* Begin PBXSourcesBuildPhase section */
		C310C9AB1EB9330600ABC711 /* Sources */ = {
			isa = PBXSourcesBuildPhase;
			buildActionMask = 2147483647;
			files = (
				C310C9BA1EB9336D00ABC711 /* TBInputStream.m in Sources */,
				C310C9B91EB9336D00ABC711 /* TBStream.m in Sources */,
				C310C9BB1EB9336D00ABC711 /* TBOutputStream.m in Sources */,
				C310C9BD1EB9336D00ABC711 /* TBServerSocket.m in Sources */,
				C310C9BC1EB9336D00ABC711 /* TBSocket.m in Sources */,
				C310C9B81EB9336D00ABC711 /* TBSocketAddress.m in Sources */,
			);
			runOnlyForDeploymentPostprocessing = 0;
		};
		C313C97F1E9EAD7400354CB6 /* Sources */ = {
			isa = PBXSourcesBuildPhase;
			buildActionMask = 2147483647;
			files = (
				C313C9B11E9EAD8B00354CB6 /* TBSocketAddress.m in Sources */,
				C310C9AA1EB92B0700ABC711 /* TBStream.m in Sources */,
				C313C9AF1E9EAD8B00354CB6 /* TBSocket.m in Sources */,
				C313C9AB1E9EAD8B00354CB6 /* TBOutputStream.m in Sources */,
				C313C9A91E9EAD8B00354CB6 /* TBInputStream.m in Sources */,
				C313C9AD1E9EAD8B00354CB6 /* TBServerSocket.m in Sources */,
			);
			runOnlyForDeploymentPostprocessing = 0;
		};
		C313C9891E9EAD7400354CB6 /* Sources */ = {
			isa = PBXSourcesBuildPhase;
			buildActionMask = 2147483647;
			files = (
				C313C9931E9EAD7400354CB6 /* TBSocketsTests.m in Sources */,
			);
			runOnlyForDeploymentPostprocessing = 0;
		};
/* End PBXSourcesBuildPhase section */

/* Begin PBXTargetDependency section */
		C313C9901E9EAD7400354CB6 /* PBXTargetDependency */ = {
			isa = PBXTargetDependency;
			target = C313C9831E9EAD7400354CB6 /* TBSockets */;
			targetProxy = C313C98F1E9EAD7400354CB6 /* PBXContainerItemProxy */;
		};
/* End PBXTargetDependency section */

/* Begin XCBuildConfiguration section */
		C310C9B51EB9330600ABC711 /* Debug */ = {
			isa = XCBuildConfiguration;
			buildSettings = {
				ALWAYS_SEARCH_USER_PATHS = YES;
				DEVELOPMENT_TEAM = S6N2F22V2Z;
				EXECUTABLE_PREFIX = "";
				HEADER_SEARCH_PATHS = "";
				ONLY_ACTIVE_ARCH = NO;
				OTHER_LDFLAGS = "-ObjC";
				PRODUCT_NAME = "$(TARGET_NAME)";
				SKIP_INSTALL = YES;
			};
			name = Debug;
		};
		C310C9B61EB9330600ABC711 /* Release */ = {
			isa = XCBuildConfiguration;
			buildSettings = {
				ALWAYS_SEARCH_USER_PATHS = YES;
				DEVELOPMENT_TEAM = S6N2F22V2Z;
				EXECUTABLE_PREFIX = "";
				HEADER_SEARCH_PATHS = "";
				OTHER_LDFLAGS = "-ObjC";
				PRODUCT_NAME = "$(TARGET_NAME)";
				SKIP_INSTALL = YES;
			};
			name = Release;
		};
		C313C9961E9EAD7400354CB6 /* Debug */ = {
			isa = XCBuildConfiguration;
			buildSettings = {
				ALWAYS_SEARCH_USER_PATHS = NO;
				CLANG_ANALYZER_NONNULL = YES;
				CLANG_ANALYZER_NUMBER_OBJECT_CONVERSION = YES_AGGRESSIVE;
				CLANG_CXX_LANGUAGE_STANDARD = "gnu++0x";
				CLANG_CXX_LIBRARY = "libc++";
				CLANG_ENABLE_MODULES = YES;
				CLANG_ENABLE_OBJC_ARC = YES;
				CLANG_WARN_BOOL_CONVERSION = YES;
				CLANG_WARN_CONSTANT_CONVERSION = YES;
				CLANG_WARN_DIRECT_OBJC_ISA_USAGE = YES_ERROR;
				CLANG_WARN_DOCUMENTATION_COMMENTS = YES;
				CLANG_WARN_EMPTY_BODY = YES;
				CLANG_WARN_ENUM_CONVERSION = YES;
				CLANG_WARN_INFINITE_RECURSION = YES;
				CLANG_WARN_INT_CONVERSION = YES;
				CLANG_WARN_OBJC_ROOT_CLASS = YES_ERROR;
				CLANG_WARN_SUSPICIOUS_MOVE = YES;
				CLANG_WARN_UNREACHABLE_CODE = YES;
				CLANG_WARN__DUPLICATE_METHOD_MATCH = YES;
				"CODE_SIGN_IDENTITY[sdk=iphoneos*]" = "iPhone Developer";
				COPY_PHASE_STRIP = NO;
				CURRENT_PROJECT_VERSION = 1;
				DEBUG_INFORMATION_FORMAT = dwarf;
				ENABLE_STRICT_OBJC_MSGSEND = YES;
				ENABLE_TESTABILITY = YES;
				GCC_C_LANGUAGE_STANDARD = gnu99;
				GCC_DYNAMIC_NO_PIC = NO;
				GCC_NO_COMMON_BLOCKS = YES;
				GCC_OPTIMIZATION_LEVEL = 0;
				GCC_PREPROCESSOR_DEFINITIONS = (
					"DEBUG=1",
					"$(inherited)",
				);
				GCC_WARN_64_TO_32_BIT_CONVERSION = YES;
				GCC_WARN_ABOUT_RETURN_TYPE = YES_ERROR;
				GCC_WARN_UNDECLARED_SELECTOR = YES;
				GCC_WARN_UNINITIALIZED_AUTOS = YES_AGGRESSIVE;
				GCC_WARN_UNUSED_FUNCTION = YES;
				GCC_WARN_UNUSED_VARIABLE = YES;
				IPHONEOS_DEPLOYMENT_TARGET = 9.0;
				MTL_ENABLE_DEBUG_INFO = YES;
				ONLY_ACTIVE_ARCH = YES;
				SDKROOT = iphoneos;
				TARGETED_DEVICE_FAMILY = "1,2";
				VERSIONING_SYSTEM = "apple-generic";
				VERSION_INFO_PREFIX = "";
			};
			name = Debug;
		};
		C313C9971E9EAD7400354CB6 /* Release */ = {
			isa = XCBuildConfiguration;
			buildSettings = {
				ALWAYS_SEARCH_USER_PATHS = NO;
				CLANG_ANALYZER_NONNULL = YES;
				CLANG_ANALYZER_NUMBER_OBJECT_CONVERSION = YES_AGGRESSIVE;
				CLANG_CXX_LANGUAGE_STANDARD = "gnu++0x";
				CLANG_CXX_LIBRARY = "libc++";
				CLANG_ENABLE_MODULES = YES;
				CLANG_ENABLE_OBJC_ARC = YES;
				CLANG_WARN_BOOL_CONVERSION = YES;
				CLANG_WARN_CONSTANT_CONVERSION = YES;
				CLANG_WARN_DIRECT_OBJC_ISA_USAGE = YES_ERROR;
				CLANG_WARN_DOCUMENTATION_COMMENTS = YES;
				CLANG_WARN_EMPTY_BODY = YES;
				CLANG_WARN_ENUM_CONVERSION = YES;
				CLANG_WARN_INFINITE_RECURSION = YES;
				CLANG_WARN_INT_CONVERSION = YES;
				CLANG_WARN_OBJC_ROOT_CLASS = YES_ERROR;
				CLANG_WARN_SUSPICIOUS_MOVE = YES;
				CLANG_WARN_UNREACHABLE_CODE = YES;
				CLANG_WARN__DUPLICATE_METHOD_MATCH = YES;
				"CODE_SIGN_IDENTITY[sdk=iphoneos*]" = "iPhone Developer";
				COPY_PHASE_STRIP = NO;
				CURRENT_PROJECT_VERSION = 1;
				DEBUG_INFORMATION_FORMAT = "dwarf-with-dsym";
				ENABLE_NS_ASSERTIONS = NO;
				ENABLE_STRICT_OBJC_MSGSEND = YES;
				GCC_C_LANGUAGE_STANDARD = gnu99;
				GCC_NO_COMMON_BLOCKS = YES;
				GCC_WARN_64_TO_32_BIT_CONVERSION = YES;
				GCC_WARN_ABOUT_RETURN_TYPE = YES_ERROR;
				GCC_WARN_UNDECLARED_SELECTOR = YES;
				GCC_WARN_UNINITIALIZED_AUTOS = YES_AGGRESSIVE;
				GCC_WARN_UNUSED_FUNCTION = YES;
				GCC_WARN_UNUSED_VARIABLE = YES;
				IPHONEOS_DEPLOYMENT_TARGET = 9.0;
				MTL_ENABLE_DEBUG_INFO = NO;
				SDKROOT = iphoneos;
				TARGETED_DEVICE_FAMILY = "1,2";
				VALIDATE_PRODUCT = YES;
				VERSIONING_SYSTEM = "apple-generic";
				VERSION_INFO_PREFIX = "";
			};
			name = Release;
		};
		C313C9991E9EAD7400354CB6 /* Debug */ = {
			isa = XCBuildConfiguration;
			buildSettings = {
				CODE_SIGN_IDENTITY = "";
				DEFINES_MODULE = YES;
				DEVELOPMENT_TEAM = S6N2F22V2Z;
				DYLIB_COMPATIBILITY_VERSION = 1;
				DYLIB_CURRENT_VERSION = 1;
				DYLIB_INSTALL_NAME_BASE = "@rpath";
				INFOPLIST_FILE = TBSockets/Info.plist;
				INSTALL_PATH = "$(LOCAL_LIBRARY_DIR)/Frameworks";
				IPHONEOS_DEPLOYMENT_TARGET = 9.0;
				LD_RUNPATH_SEARCH_PATHS = "$(inherited) @executable_path/Frameworks @loader_path/Frameworks";
				PRODUCT_BUNDLE_IDENTIFIER = com.nsexceptional.TBSockets;
				PRODUCT_NAME = "$(TARGET_NAME)";
				SKIP_INSTALL = YES;
			};
			name = Debug;
		};
		C313C99A1E9EAD7400354CB6 /* Release */ = {
			isa = XCBuildConfiguration;
			buildSettings = {
				CODE_SIGN_IDENTITY = "";
				DEFINES_MODULE = YES;
				DEVELOPMENT_TEAM = S6N2F22V2Z;
				DYLIB_COMPATIBILITY_VERSION = 1;
				DYLIB_CURRENT_VERSION = 1;
				DYLIB_INSTALL_NAME_BASE = "@rpath";
				INFOPLIST_FILE = TBSockets/Info.plist;
				INSTALL_PATH = "$(LOCAL_LIBRARY_DIR)/Frameworks";
				IPHONEOS_DEPLOYMENT_TARGET = 9.0;
				LD_RUNPATH_SEARCH_PATHS = "$(inherited) @executable_path/Frameworks @loader_path/Frameworks";
				PRODUCT_BUNDLE_IDENTIFIER = com.nsexceptional.TBSockets;
				PRODUCT_NAME = "$(TARGET_NAME)";
				SKIP_INSTALL = YES;
			};
			name = Release;
		};
		C313C99C1E9EAD7400354CB6 /* Debug */ = {
			isa = XCBuildConfiguration;
			buildSettings = {
				DEVELOPMENT_TEAM = S6N2F22V2Z;
				INFOPLIST_FILE = TBSocketsTests/Info.plist;
				LD_RUNPATH_SEARCH_PATHS = "$(inherited) @executable_path/Frameworks @loader_path/Frameworks";
				PRODUCT_BUNDLE_IDENTIFIER = com.nsexceptional.TBSocketsTests;
				PRODUCT_NAME = "$(TARGET_NAME)";
			};
			name = Debug;
		};
		C313C99D1E9EAD7400354CB6 /* Release */ = {
			isa = XCBuildConfiguration;
			buildSettings = {
				DEVELOPMENT_TEAM = S6N2F22V2Z;
				INFOPLIST_FILE = TBSocketsTests/Info.plist;
				LD_RUNPATH_SEARCH_PATHS = "$(inherited) @executable_path/Frameworks @loader_path/Frameworks";
				PRODUCT_BUNDLE_IDENTIFIER = com.nsexceptional.TBSocketsTests;
				PRODUCT_NAME = "$(TARGET_NAME)";
			};
			name = Release;
		};
/* End XCBuildConfiguration section */

/* Begin XCConfigurationList section */
		C310C9B71EB9330600ABC711 /* Build configuration list for PBXNativeTarget "libtbsockets" */ = {
			isa = XCConfigurationList;
			buildConfigurations = (
				C310C9B51EB9330600ABC711 /* Debug */,
				C310C9B61EB9330600ABC711 /* Release */,
			);
			defaultConfigurationIsVisible = 0;
			defaultConfigurationName = Release;
		};
		C313C97E1E9EAD7400354CB6 /* Build configuration list for PBXProject "TBSockets" */ = {
			isa = XCConfigurationList;
			buildConfigurations = (
				C313C9961E9EAD7400354CB6 /* Debug */,
				C313C9971E9EAD7400354CB6 /* Release */,
			);
			defaultConfigurationIsVisible = 0;
			defaultConfigurationName = Release;
		};
		C313C9981E9EAD7400354CB6 /* Build configuration list for PBXNativeTarget "TBSockets" */ = {
			isa = XCConfigurationList;
			buildConfigurations = (
				C313C9991E9EAD7400354CB6 /* Debug */,
				C313C99A1E9EAD7400354CB6 /* Release */,
			);
			defaultConfigurationIsVisible = 0;
			defaultConfigurationName = Release;
		};
		C313C99B1E9EAD7400354CB6 /* Build configuration list for PBXNativeTarget "TBSocketsTests" */ = {
			isa = XCConfigurationList;
			buildConfigurations = (
				C313C99C1E9EAD7400354CB6 /* Debug */,
				C313C99D1E9EAD7400354CB6 /* Release */,
			);
			defaultConfigurationIsVisible = 0;
			defaultConfigurationName = Release;
		};
/* End XCConfigurationList section */
	};
	rootObject = C313C97B1E9EAD7400354CB6 /* Project object */;
}
